
Microsoft Visual Studio Solution File, Format Version 12.00
# Visual Studio Version 17
VisualStudioVersion = 17.0.31903.59
MinimumVisualStudioVersion = 10.0.40219.1
Project("{F2A71F9B-5D33-465A-A702-920D77279786}") = "Bar", "Bar\Bar.fsproj", "{ECA73EBF-6D13-41DE-A6DD-290A41D031DC}"
EndProject
Project("{F2A71F9B-5D33-465A-A702-920D77279786}") = "Baz", "Baz\Baz.fsproj", "{60BD0998-BD6D-4784-8410-5096AF709F0E}"
EndProject
Global
	GlobalSection(SolutionConfigurationPlatforms) = preSolution
		Debug|Any CPU = Debug|Any CPU
		Release|Any CPU = Release|Any CPU
	EndGlobalSection
	GlobalSection(SolutionProperties) = preSolution
		HideSolutionNode = FALSE
	EndGlobalSection
	GlobalSection(ProjectConfigurationPlatforms) = postSolution
		{ECA73EBF-6D13-41DE-A6DD-290A41D031DC}.Debug|Any CPU.ActiveCfg = Debug|Any CPU
		{ECA73EBF-6D13-41DE-A6DD-290A41D031DC}.Debug|Any CPU.Build.0 = Debug|Any CPU
		{ECA73EBF-6D13-41DE-A6DD-290A41D031DC}.Release|Any CPU.ActiveCfg = Release|Any CPU
		{ECA73EBF-6D13-41DE-A6DD-290A41D031DC}.Release|Any CPU.Build.0 = Release|Any CPU
		{60BD0998-BD6D-4784-8410-5096AF709F0E}.Debug|Any CPU.ActiveCfg = Debug|Any CPU
		{60BD0998-BD6D-4784-8410-5096AF709F0E}.Debug|Any CPU.Build.0 = Debug|Any CPU
		{60BD0998-BD6D-4784-8410-5096AF709F0E}.Release|Any CPU.ActiveCfg = Release|Any CPU
		{60BD0998-BD6D-4784-8410-5096AF709F0E}.Release|Any CPU.Build.0 = Release|Any CPU
	EndGlobalSection
EndGlobal
